
Microsoft Visual Studio Solution File, Format Version 12.00
# Visual Studio Version 17
VisualStudioVersion = 17.7.34031.279
MinimumVisualStudioVersion = 10.0.40219.1
Project("{9A19103F-16F7-4668-BE54-9A1E7A4F7556}") = "MK.RequirementsApp.Infrastructure", "MK.RequirementsApp.Infrastructure\MK.RequirementsApp.Infrastructure.csproj", "{88E7B12F-FC8F-49AD-B948-B723F42DC841}"
EndProject
Project("{9A19103F-16F7-4668-BE54-9A1E7A4F7556}") = "MK.RequirementsApp.Application", "MK.RequirementsApp.Application\MK.RequirementsApp.Application.csproj", "{CDDEA9AC-6BC8-4297-BE89-59E472CCA43D}"
EndProject
Project("{9A19103F-16F7-4668-BE54-9A1E7A4F7556}") = "MK.RequirementsApp.BlazorUI", "MK.RequirementsApp.BlazorUI\MK.RequirementsApp.BlazorUI.csproj", "{8254EE55-4E07-4544-9C42-FD7BF88FF05E}"
EndProject
Project("{9A19103F-16F7-4668-BE54-9A1E7A4F7556}") = "MK.RequirementsApp.WebAPI", "MK.RequirementsApp.WebAPI\MK.RequirementsApp.WebAPI.csproj", "{B9606825-493B-4FB9-96AD-6891A34C852C}"
EndProject
Project("{9A19103F-16F7-4668-BE54-9A1E7A4F7556}") = "MK.RequirementsApp.Domain", "MK.RequirementsApp.Domain\MK.RequirementsApp.Domain.csproj", "{B53DF4CD-1FD9-43F8-A7DF-2AE99CE77A5D}"
EndProject
Global
	GlobalSection(SolutionConfigurationPlatforms) = preSolution
		Debug|Any CPU = Debug|Any CPU
		Release|Any CPU = Release|Any CPU
	EndGlobalSection
	GlobalSection(ProjectConfigurationPlatforms) = postSolution
		{88E7B12F-FC8F-49AD-B948-B723F42DC841}.Debug|Any CPU.ActiveCfg = Debug|Any CPU
		{88E7B12F-FC8F-49AD-B948-B723F42DC841}.Debug|Any CPU.Build.0 = Debug|Any CPU
		{88E7B12F-FC8F-49AD-B948-B723F42DC841}.Release|Any CPU.ActiveCfg = Release|Any CPU
		{88E7B12F-FC8F-49AD-B948-B723F42DC841}.Release|Any CPU.Build.0 = Release|Any CPU
		{CDDEA9AC-6BC8-4297-BE89-59E472CCA43D}.Debug|Any CPU.ActiveCfg = Debug|Any CPU
		{CDDEA9AC-6BC8-4297-BE89-59E472CCA43D}.Debug|Any CPU.Build.0 = Debug|Any CPU
		{CDDEA9AC-6BC8-4297-BE89-59E472CCA43D}.Release|Any CPU.ActiveCfg = Release|Any CPU
		{CDDEA9AC-6BC8-4297-BE89-59E472CCA43D}.Release|Any CPU.Build.0 = Release|Any CPU
		{8254EE55-4E07-4544-9C42-FD7BF88FF05E}.Debug|Any CPU.ActiveCfg = Debug|Any CPU
		{8254EE55-4E07-4544-9C42-FD7BF88FF05E}.Debug|Any CPU.Build.0 = Debug|Any CPU
		{8254EE55-4E07-4544-9C42-FD7BF88FF05E}.Release|Any CPU.ActiveCfg = Release|Any CPU
		{8254EE55-4E07-4544-9C42-FD7BF88FF05E}.Release|Any CPU.Build.0 = Release|Any CPU
		{B9606825-493B-4FB9-96AD-6891A34C852C}.Debug|Any CPU.ActiveCfg = Debug|Any CPU
		{B9606825-493B-4FB9-96AD-6891A34C852C}.Debug|Any CPU.Build.0 = Debug|Any CPU
		{B9606825-493B-4FB9-96AD-6891A34C852C}.Release|Any CPU.ActiveCfg = Release|Any CPU
		{B9606825-493B-4FB9-96AD-6891A34C852C}.Release|Any CPU.Build.0 = Release|Any CPU
		{B53DF4CD-1FD9-43F8-A7DF-2AE99CE77A5D}.Debug|Any CPU.ActiveCfg = Debug|Any CPU
		{B53DF4CD-1FD9-43F8-A7DF-2AE99CE77A5D}.Debug|Any CPU.Build.0 = Debug|Any CPU
		{B53DF4CD-1FD9-43F8-A7DF-2AE99CE77A5D}.Release|Any CPU.ActiveCfg = Release|Any CPU
		{B53DF4CD-1FD9-43F8-A7DF-2AE99CE77A5D}.Release|Any CPU.Build.0 = Release|Any CPU
	EndGlobalSection
	GlobalSection(SolutionProperties) = preSolution
		HideSolutionNode = FALSE
	EndGlobalSection
	GlobalSection(ExtensibilityGlobals) = postSolution
		SolutionGuid = {EF2365ED-96A2-4619-83F4-E634AED2CA97}
	EndGlobalSection
EndGlobal
